
Microsoft Visual Studio Solution File, Format Version 12.00
# Visual Studio Version 16
VisualStudioVersion = 16.0.31729.503
MinimumVisualStudioVersion = 10.0.40219.1
Project("{8BC9CEB8-8B4A-11D0-8D11-00A0C91BC942}") = "zad1", "zad1\zad1.vcxproj", "{9F92D85A-8E25-498D-905B-F6BE26F4C152}"
EndProject
Project("{8BC9CEB8-8B4A-11D0-8D11-00A0C91BC942}") = "zad2", "zad2\zad2.vcxproj", "{EE07AB80-09F4-4181-96B9-3339679A83D3}"
EndProject
Project("{8BC9CEB8-8B4A-11D0-8D11-00A0C91BC942}") = "zad3", "zad3\zad3.vcxproj", "{2A19F834-B18E-4992-B8F8-37A1250D4FCB}"
EndProject
Project("{8BC9CEB8-8B4A-11D0-8D11-00A0C91BC942}") = "draft", "draft\draft.vcxproj", "{485DCDDF-4010-4EB6-B9E8-EC39FC919974}"
EndProject
Project("{8BC9CEB8-8B4A-11D0-8D11-00A0C91BC942}") = "zad4", "zad4\zad4.vcxproj", "{1D9F828A-404C-4E7C-91B4-0D6E85A16A09}"
EndProject
Project("{8BC9CEB8-8B4A-11D0-8D11-00A0C91BC942}") = "copyfrom", "copyfrom\copyfrom.vcxproj", "{F6E3EDA9-1746-40D7-B9FB-1EDFEA1BBBF4}"
EndProject
Project("{8BC9CEB8-8B4A-11D0-8D11-00A0C91BC942}") = "zad5", "zad5\zad5.vcxproj", "{201D1CED-95B9-4239-A429-741183AA80CD}"
EndProject
Project("{8BC9CEB8-8B4A-11D0-8D11-00A0C91BC942}") = "zad6", "zad6\zad6.vcxproj", "{DE1CD66B-B254-4945-87F1-8F47CB9DCFE7}"
EndProject
Project("{8BC9CEB8-8B4A-11D0-8D11-00A0C91BC942}") = "zad7", "zad7\zad7.vcxproj", "{2B0FE8F0-1F20-4DC7-B851-B6B0BC179CB6}"
EndProject
Project("{8BC9CEB8-8B4A-11D0-8D11-00A0C91BC942}") = "zad8", "zad8\zad8.vcxproj", "{51E565F3-1F37-4A2D-9D79-3451121FCF41}"
EndProject
Project("{8BC9CEB8-8B4A-11D0-8D11-00A0C91BC942}") = "zad12", "zad12\zad12.vcxproj", "{C3D726A4-364D-432B-8183-386CBAC4C832}"
EndProject
Project("{8BC9CEB8-8B4A-11D0-8D11-00A0C91BC942}") = "zad9", "zad9\zad9.vcxproj", "{6C546205-F966-43ED-943B-8824AAB09E42}"
EndProject
Project("{8BC9CEB8-8B4A-11D0-8D11-00A0C91BC942}") = "zad13", "zad13\zad13.vcxproj", "{E776A05C-5EAF-456A-8706-02E61B44A5D3}"
EndProject
Project("{8BC9CEB8-8B4A-11D0-8D11-00A0C91BC942}") = "zad14", "zad14\zad14.vcxproj", "{A2F65474-DC9B-43E8-86C5-ADBA2289C55C}"
EndProject
Project("{8BC9CEB8-8B4A-11D0-8D11-00A0C91BC942}") = "zad11", "zad11\zad11.vcxproj", "{D48F3BE3-9A29-43FA-8F07-B27A4935AAB6}"
EndProject
Global
	GlobalSection(SolutionConfigurationPlatforms) = preSolution
		Debug|x64 = Debug|x64
		Debug|x86 = Debug|x86
		Release|x64 = Release|x64
		Release|x86 = Release|x86
	EndGlobalSection
	GlobalSection(ProjectConfigurationPlatforms) = postSolution
		{9F92D85A-8E25-498D-905B-F6BE26F4C152}.Debug|x64.ActiveCfg = Debug|x64
		{9F92D85A-8E25-498D-905B-F6BE26F4C152}.Debug|x64.Build.0 = Debug|x64
		{9F92D85A-8E25-498D-905B-F6BE26F4C152}.Debug|x86.ActiveCfg = Debug|Win32
		{9F92D85A-8E25-498D-905B-F6BE26F4C152}.Debug|x86.Build.0 = Debug|Win32
		{9F92D85A-8E25-498D-905B-F6BE26F4C152}.Release|x64.ActiveCfg = Release|x64
		{9F92D85A-8E25-498D-905B-F6BE26F4C152}.Release|x64.Build.0 = Release|x64
		{9F92D85A-8E25-498D-905B-F6BE26F4C152}.Release|x86.ActiveCfg = Release|Win32
		{9F92D85A-8E25-498D-905B-F6BE26F4C152}.Release|x86.Build.0 = Release|Win32
		{EE07AB80-09F4-4181-96B9-3339679A83D3}.Debug|x64.ActiveCfg = Debug|x64
		{EE07AB80-09F4-4181-96B9-3339679A83D3}.Debug|x64.Build.0 = Debug|x64
		{EE07AB80-09F4-4181-96B9-3339679A83D3}.Debug|x86.ActiveCfg = Debug|Win32
		{EE07AB80-09F4-4181-96B9-3339679A83D3}.Debug|x86.Build.0 = Debug|Win32
		{EE07AB80-09F4-4181-96B9-3339679A83D3}.Release|x64.ActiveCfg = Release|x64
		{EE07AB80-09F4-4181-96B9-3339679A83D3}.Release|x64.Build.0 = Release|x64
		{EE07AB80-09F4-4181-96B9-3339679A83D3}.Release|x86.ActiveCfg = Release|Win32
		{EE07AB80-09F4-4181-96B9-3339679A83D3}.Release|x86.Build.0 = Release|Win32
		{2A19F834-B18E-4992-B8F8-37A1250D4FCB}.Debug|x64.ActiveCfg = Debug|x64
		{2A19F834-B18E-4992-B8F8-37A1250D4FCB}.Debug|x64.Build.0 = Debug|x64
		{2A19F834-B18E-4992-B8F8-37A1250D4FCB}.Debug|x86.ActiveCfg = Debug|Win32
		{2A19F834-B18E-4992-B8F8-37A1250D4FCB}.Debug|x86.Build.0 = Debug|Win32
		{2A19F834-B18E-4992-B8F8-37A1250D4FCB}.Release|x64.ActiveCfg = Release|x64
		{2A19F834-B18E-4992-B8F8-37A1250D4FCB}.Release|x64.Build.0 = Release|x64
		{2A19F834-B18E-4992-B8F8-37A1250D4FCB}.Release|x86.ActiveCfg = Release|Win32
		{2A19F834-B18E-4992-B8F8-37A1250D4FCB}.Release|x86.Build.0 = Release|Win32
		{485DCDDF-4010-4EB6-B9E8-EC39FC919974}.Debug|x64.ActiveCfg = Debug|x64
		{485DCDDF-4010-4EB6-B9E8-EC39FC919974}.Debug|x64.Build.0 = Debug|x64
		{485DCDDF-4010-4EB6-B9E8-EC39FC919974}.Debug|x86.ActiveCfg = Debug|Win32
		{485DCDDF-4010-4EB6-B9E8-EC39FC919974}.Debug|x86.Build.0 = Debug|Win32
		{485DCDDF-4010-4EB6-B9E8-EC39FC919974}.Release|x64.ActiveCfg = Release|x64
		{485DCDDF-4010-4EB6-B9E8-EC39FC919974}.Release|x64.Build.0 = Release|x64
		{485DCDDF-4010-4EB6-B9E8-EC39FC919974}.Release|x86.ActiveCfg = Release|Win32
		{485DCDDF-4010-4EB6-B9E8-EC39FC919974}.Release|x86.Build.0 = Release|Win32
		{1D9F828A-404C-4E7C-91B4-0D6E85A16A09}.Debug|x64.ActiveCfg = Debug|x64
		{1D9F828A-404C-4E7C-91B4-0D6E85A16A09}.Debug|x64.Build.0 = Debug|x64
		{1D9F828A-404C-4E7C-91B4-0D6E85A16A09}.Debug|x86.ActiveCfg = Debug|Win32
		{1D9F828A-404C-4E7C-91B4-0D6E85A16A09}.Debug|x86.Build.0 = Debug|Win32
		{1D9F828A-404C-4E7C-91B4-0D6E85A16A09}.Release|x64.ActiveCfg = Release|x64
		{1D9F828A-404C-4E7C-91B4-0D6E85A16A09}.Release|x64.Build.0 = Release|x64
		{1D9F828A-404C-4E7C-91B4-0D6E85A16A09}.Release|x86.ActiveCfg = Release|Win32
		{1D9F828A-404C-4E7C-91B4-0D6E85A16A09}.Release|x86.Build.0 = Release|Win32
		{F6E3EDA9-1746-40D7-B9FB-1EDFEA1BBBF4}.Debug|x64.ActiveCfg = Debug|x64
		{F6E3EDA9-1746-40D7-B9FB-1EDFEA1BBBF4}.Debug|x64.Build.0 = Debug|x64
		{F6E3EDA9-1746-40D7-B9FB-1EDFEA1BBBF4}.Debug|x86.ActiveCfg = Debug|Win32
		{F6E3EDA9-1746-40D7-B9FB-1EDFEA1BBBF4}.Debug|x86.Build.0 = Debug|Win32
		{F6E3EDA9-1746-40D7-B9FB-1EDFEA1BBBF4}.Release|x64.ActiveCfg = Release|x64
		{F6E3EDA9-1746-40D7-B9FB-1EDFEA1BBBF4}.Release|x64.Build.0 = Release|x64
		{F6E3EDA9-1746-40D7-B9FB-1EDFEA1BBBF4}.Release|x86.ActiveCfg = Release|Win32
		{F6E3EDA9-1746-40D7-B9FB-1EDFEA1BBBF4}.Release|x86.Build.0 = Release|Win32
		{201D1CED-95B9-4239-A429-741183AA80CD}.Debug|x64.ActiveCfg = Debug|x64
		{201D1CED-95B9-4239-A429-741183AA80CD}.Debug|x64.Build.0 = Debug|x64
		{201D1CED-95B9-4239-A429-741183AA80CD}.Debug|x86.ActiveCfg = Debug|Win32
		{201D1CED-95B9-4239-A429-741183AA80CD}.Debug|x86.Build.0 = Debug|Win32
		{201D1CED-95B9-4239-A429-741183AA80CD}.Release|x64.ActiveCfg = Release|x64
		{201D1CED-95B9-4239-A429-741183AA80CD}.Release|x64.Build.0 = Release|x64
		{201D1CED-95B9-4239-A429-741183AA80CD}.Release|x86.ActiveCfg = Release|Win32
		{201D1CED-95B9-4239-A429-741183AA80CD}.Release|x86.Build.0 = Release|Win32
		{DE1CD66B-B254-4945-87F1-8F47CB9DCFE7}.Debug|x64.ActiveCfg = Debug|x64
		{DE1CD66B-B254-4945-87F1-8F47CB9DCFE7}.Debug|x64.Build.0 = Debug|x64
		{DE1CD66B-B254-4945-87F1-8F47CB9DCFE7}.Debug|x86.ActiveCfg = Debug|Win32
		{DE1CD66B-B254-4945-87F1-8F47CB9DCFE7}.Debug|x86.Build.0 = Debug|Win32
		{DE1CD66B-B254-4945-87F1-8F47CB9DCFE7}.Release|x64.ActiveCfg = Release|x64
		{DE1CD66B-B254-4945-87F1-8F47CB9DCFE7}.Release|x64.Build.0 = Release|x64
		{DE1CD66B-B254-4945-87F1-8F47CB9DCFE7}.Release|x86.ActiveCfg = Release|Win32
		{DE1CD66B-B254-4945-87F1-8F47CB9DCFE7}.Release|x86.Build.0 = Release|Win32
		{2B0FE8F0-1F20-4DC7-B851-B6B0BC179CB6}.Debug|x64.ActiveCfg = Debug|x64
		{2B0FE8F0-1F20-4DC7-B851-B6B0BC179CB6}.Debug|x64.Build.0 = Debug|x64
		{2B0FE8F0-1F20-4DC7-B851-B6B0BC179CB6}.Debug|x86.ActiveCfg = Debug|Win32
		{2B0FE8F0-1F20-4DC7-B851-B6B0BC179CB6}.Debug|x86.Build.0 = Debug|Win32
		{2B0FE8F0-1F20-4DC7-B851-B6B0BC179CB6}.Release|x64.ActiveCfg = Release|x64
		{2B0FE8F0-1F20-4DC7-B851-B6B0BC179CB6}.Release|x64.Build.0 = Release|x64
		{2B0FE8F0-1F20-4DC7-B851-B6B0BC179CB6}.Release|x86.ActiveCfg = Release|Win32
		{2B0FE8F0-1F20-4DC7-B851-B6B0BC179CB6}.Release|x86.Build.0 = Release|Win32
		{51E565F3-1F37-4A2D-9D79-3451121FCF41}.Debug|x64.ActiveCfg = Debug|x64
		{51E565F3-1F37-4A2D-9D79-3451121FCF41}.Debug|x64.Build.0 = Debug|x64
		{51E565F3-1F37-4A2D-9D79-3451121FCF41}.Debug|x86.ActiveCfg = Debug|Win32
		{51E565F3-1F37-4A2D-9D79-3451121FCF41}.Debug|x86.Build.0 = Debug|Win32
		{51E565F3-1F37-4A2D-9D79-3451121FCF41}.Release|x64.ActiveCfg = Release|x64
		{51E565F3-1F37-4A2D-9D79-3451121FCF41}.Release|x64.Build.0 = Release|x64
		{51E565F3-1F37-4A2D-9D79-3451121FCF41}.Release|x86.ActiveCfg = Release|Win32
		{51E565F3-1F37-4A2D-9D79-3451121FCF41}.Release|x86.Build.0 = Release|Win32
		{C3D726A4-364D-432B-8183-386CBAC4C832}.Debug|x64.ActiveCfg = Debug|x64
		{C3D726A4-364D-432B-8183-386CBAC4C832}.Debug|x64.Build.0 = Debug|x64
		{C3D726A4-364D-432B-8183-386CBAC4C832}.Debug|x86.ActiveCfg = Debug|Win32
		{C3D726A4-364D-432B-8183-386CBAC4C832}.Debug|x86.Build.0 = Debug|Win32
		{C3D726A4-364D-432B-8183-386CBAC4C832}.Release|x64.ActiveCfg = Release|x64
		{C3D726A4-364D-432B-8183-386CBAC4C832}.Release|x64.Build.0 = Release|x64
		{C3D726A4-364D-432B-8183-386CBAC4C832}.Release|x86.ActiveCfg = Release|Win32
		{C3D726A4-364D-432B-8183-386CBAC4C832}.Release|x86.Build.0 = Release|Win32
		{6C546205-F966-43ED-943B-8824AAB09E42}.Debug|x64.ActiveCfg = Debug|x64
		{6C546205-F966-43ED-943B-8824AAB09E42}.Debug|x64.Build.0 = Debug|x64
		{6C546205-F966-43ED-943B-8824AAB09E42}.Debug|x86.ActiveCfg = Debug|Win32
		{6C546205-F966-43ED-943B-8824AAB09E42}.Debug|x86.Build.0 = Debug|Win32
		{6C546205-F966-43ED-943B-8824AAB09E42}.Release|x64.ActiveCfg = Release|x64
		{6C546205-F966-43ED-943B-8824AAB09E42}.Release|x64.Build.0 = Release|x64
		{6C546205-F966-43ED-943B-8824AAB09E42}.Release|x86.ActiveCfg = Release|Win32
		{6C546205-F966-43ED-943B-8824AAB09E42}.Release|x86.Build.0 = Release|Win32
		{E776A05C-5EAF-456A-8706-02E61B44A5D3}.Debug|x64.ActiveCfg = Debug|x64
		{E776A05C-5EAF-456A-8706-02E61B44A5D3}.Debug|x64.Build.0 = Debug|x64
		{E776A05C-5EAF-456A-8706-02E61B44A5D3}.Debug|x86.ActiveCfg = Debug|Win32
		{E776A05C-5EAF-456A-8706-02E61B44A5D3}.Debug|x86.Build.0 = Debug|Win32
		{E776A05C-5EAF-456A-8706-02E61B44A5D3}.Release|x64.ActiveCfg = Release|x64
		{E776A05C-5EAF-456A-8706-02E61B44A5D3}.Release|x64.Build.0 = Release|x64
		{E776A05C-5EAF-456A-8706-02E61B44A5D3}.Release|x86.ActiveCfg = Release|Win32
		{E776A05C-5EAF-456A-8706-02E61B44A5D3}.Release|x86.Build.0 = Release|Win32
		{A2F65474-DC9B-43E8-86C5-ADBA2289C55C}.Debug|x64.ActiveCfg = Debug|x64
		{A2F65474-DC9B-43E8-86C5-ADBA2289C55C}.Debug|x64.Build.0 = Debug|x64
		{A2F65474-DC9B-43E8-86C5-ADBA2289C55C}.Debug|x86.ActiveCfg = Debug|Win32
		{A2F65474-DC9B-43E8-86C5-ADBA2289C55C}.Debug|x86.Build.0 = Debug|Win32
		{A2F65474-DC9B-43E8-86C5-ADBA2289C55C}.Release|x64.ActiveCfg = Release|x64
		{A2F65474-DC9B-43E8-86C5-ADBA2289C55C}.Release|x64.Build.0 = Release|x64
		{A2F65474-DC9B-43E8-86C5-ADBA2289C55C}.Release|x86.ActiveCfg = Release|Win32
		{A2F65474-DC9B-43E8-86C5-ADBA2289C55C}.Release|x86.Build.0 = Release|Win32
		{D48F3BE3-9A29-43FA-8F07-B27A4935AAB6}.Debug|x64.ActiveCfg = Debug|x64
		{D48F3BE3-9A29-43FA-8F07-B27A4935AAB6}.Debug|x64.Build.0 = Debug|x64
		{D48F3BE3-9A29-43FA-8F07-B27A4935AAB6}.Debug|x86.ActiveCfg = Debug|Win32
		{D48F3BE3-9A29-43FA-8F07-B27A4935AAB6}.Debug|x86.Build.0 = Debug|Win32
		{D48F3BE3-9A29-43FA-8F07-B27A4935AAB6}.Release|x64.ActiveCfg = Release|x64
		{D48F3BE3-9A29-43FA-8F07-B27A4935AAB6}.Release|x64.Build.0 = Release|x64
		{D48F3BE3-9A29-43FA-8F07-B27A4935AAB6}.Release|x86.ActiveCfg = Release|Win32
		{D48F3BE3-9A29-43FA-8F07-B27A4935AAB6}.Release|x86.Build.0 = Release|Win32
	EndGlobalSection
	GlobalSection(SolutionProperties) = preSolution
		HideSolutionNode = FALSE
	EndGlobalSection
	GlobalSection(ExtensibilityGlobals) = postSolution
		SolutionGuid = {0F156739-69F9-4639-B60B-2323C7AA87D1}
	EndGlobalSection
EndGlobal
