
Microsoft Visual Studio Solution File, Format Version 12.00
# Visual Studio Version 16
VisualStudioVersion = 16.0.31729.503
MinimumVisualStudioVersion = 10.0.40219.1
Project("{8BC9CEB8-8B4A-11D0-8D11-00A0C91BC942}") = "zad1", "zad1\zad1.vcxproj", "{F25CD264-7A90-45FA-A3B0-D098B23EEE75}"
EndProject
Project("{8BC9CEB8-8B4A-11D0-8D11-00A0C91BC942}") = "draft", "draft\draft.vcxproj", "{DA939BBC-6905-417B-8FC9-8A27AB98DBF8}"
EndProject
Project("{8BC9CEB8-8B4A-11D0-8D11-00A0C91BC942}") = "zad2", "zad2\zad2.vcxproj", "{0750E3D0-6508-4D82-94DA-232F848CFE30}"
EndProject
Project("{8BC9CEB8-8B4A-11D0-8D11-00A0C91BC942}") = "dop1", "dop1\dop1.vcxproj", "{4CD0EA8F-604B-4252-8E14-20F110FD768E}"
EndProject
Project("{8BC9CEB8-8B4A-11D0-8D11-00A0C91BC942}") = "dop2", "dop2\dop2.vcxproj", "{07616089-A7AF-4867-A23B-9747DCF78D42}"
EndProject
Project("{8BC9CEB8-8B4A-11D0-8D11-00A0C91BC942}") = "dop3", "dop3\dop3.vcxproj", "{36FBDEED-B616-422D-8236-7FC64DEEB7DC}"
EndProject
Project("{8BC9CEB8-8B4A-11D0-8D11-00A0C91BC942}") = "sdop1", "sdop1\sdop1.vcxproj", "{4AE7871A-101B-430A-A196-780F4D2048D7}"
EndProject
Project("{8BC9CEB8-8B4A-11D0-8D11-00A0C91BC942}") = "sdop2", "sdop2\sdop2.vcxproj", "{DE7DD97F-3F81-43FC-B400-D167F7190C38}"
EndProject
Project("{8BC9CEB8-8B4A-11D0-8D11-00A0C91BC942}") = "sdop3", "sdop3\sdop3.vcxproj", "{8B567112-5446-4ECB-A26A-F3C36C2DCD24}"
EndProject
Project("{8BC9CEB8-8B4A-11D0-8D11-00A0C91BC942}") = "sdop3Test", "TestZad1\TestZad1.vcxproj", "{6F863EA1-97E6-426F-B7FE-84F0513F3BD4}"
EndProject
Project("{8BC9CEB8-8B4A-11D0-8D11-00A0C91BC942}") = "sdop2Test", "sdop2Test\sdop2Test.vcxproj", "{83D25885-77BE-4A2D-A192-D51609DE029E}"
EndProject
Project("{8BC9CEB8-8B4A-11D0-8D11-00A0C91BC942}") = "sdop1Test", "sdop1Test\sdop1Test.vcxproj", "{A24811C1-30D6-45FA-9AA8-922BD628678F}"
EndProject
Project("{8BC9CEB8-8B4A-11D0-8D11-00A0C91BC942}") = "dop3Test", "dop3Test\dop3Test.vcxproj", "{565BB93A-AD87-4470-B84C-128CBC426DDD}"
EndProject
Project("{8BC9CEB8-8B4A-11D0-8D11-00A0C91BC942}") = "dop2Test", "dop2Test\dop2Test.vcxproj", "{1C062249-5EB9-4BB8-BA84-507DD61419B1}"
EndProject
Project("{8BC9CEB8-8B4A-11D0-8D11-00A0C91BC942}") = "dop1Test", "dop1Test\dop1Test.vcxproj", "{3E932C41-2BFD-4936-B765-212A5C0A7F46}"
EndProject
Project("{8BC9CEB8-8B4A-11D0-8D11-00A0C91BC942}") = "zad2Test", "zad2Test\zad2Test.vcxproj", "{7D444CD5-42F0-4011-B98A-C507362A5270}"
EndProject
Project("{8BC9CEB8-8B4A-11D0-8D11-00A0C91BC942}") = "zad1Test", "zad1Test\zad1Test.vcxproj", "{B804BA13-8B05-4486-B611-2A736C45FF31}"
EndProject
Project("{8BC9CEB8-8B4A-11D0-8D11-00A0C91BC942}") = "test", "test\test.vcxproj", "{305E5CA4-FD13-4614-97A7-023013A300D1}"
EndProject
Project("{8BC9CEB8-8B4A-11D0-8D11-00A0C91BC942}") = "zad1Tets", "zad1Tets\zad1Tets.vcxproj", "{B3BD01A3-48CF-44A8-BC4A-215DC7AAD61D}"
EndProject
Global
	GlobalSection(SolutionConfigurationPlatforms) = preSolution
		Debug|x64 = Debug|x64
		Debug|x86 = Debug|x86
		Release|x64 = Release|x64
		Release|x86 = Release|x86
	EndGlobalSection
	GlobalSection(ProjectConfigurationPlatforms) = postSolution
		{F25CD264-7A90-45FA-A3B0-D098B23EEE75}.Debug|x64.ActiveCfg = Debug|x64
		{F25CD264-7A90-45FA-A3B0-D098B23EEE75}.Debug|x64.Build.0 = Debug|x64
		{F25CD264-7A90-45FA-A3B0-D098B23EEE75}.Debug|x86.ActiveCfg = Debug|Win32
		{F25CD264-7A90-45FA-A3B0-D098B23EEE75}.Debug|x86.Build.0 = Debug|Win32
		{F25CD264-7A90-45FA-A3B0-D098B23EEE75}.Release|x64.ActiveCfg = Release|x64
		{F25CD264-7A90-45FA-A3B0-D098B23EEE75}.Release|x64.Build.0 = Release|x64
		{F25CD264-7A90-45FA-A3B0-D098B23EEE75}.Release|x86.ActiveCfg = Release|Win32
		{F25CD264-7A90-45FA-A3B0-D098B23EEE75}.Release|x86.Build.0 = Release|Win32
		{DA939BBC-6905-417B-8FC9-8A27AB98DBF8}.Debug|x64.ActiveCfg = Debug|x64
		{DA939BBC-6905-417B-8FC9-8A27AB98DBF8}.Debug|x64.Build.0 = Debug|x64
		{DA939BBC-6905-417B-8FC9-8A27AB98DBF8}.Debug|x86.ActiveCfg = Debug|Win32
		{DA939BBC-6905-417B-8FC9-8A27AB98DBF8}.Debug|x86.Build.0 = Debug|Win32
		{DA939BBC-6905-417B-8FC9-8A27AB98DBF8}.Release|x64.ActiveCfg = Release|x64
		{DA939BBC-6905-417B-8FC9-8A27AB98DBF8}.Release|x64.Build.0 = Release|x64
		{DA939BBC-6905-417B-8FC9-8A27AB98DBF8}.Release|x86.ActiveCfg = Release|Win32
		{DA939BBC-6905-417B-8FC9-8A27AB98DBF8}.Release|x86.Build.0 = Release|Win32
		{0750E3D0-6508-4D82-94DA-232F848CFE30}.Debug|x64.ActiveCfg = Debug|x64
		{0750E3D0-6508-4D82-94DA-232F848CFE30}.Debug|x64.Build.0 = Debug|x64
		{0750E3D0-6508-4D82-94DA-232F848CFE30}.Debug|x86.ActiveCfg = Debug|Win32
		{0750E3D0-6508-4D82-94DA-232F848CFE30}.Debug|x86.Build.0 = Debug|Win32
		{0750E3D0-6508-4D82-94DA-232F848CFE30}.Release|x64.ActiveCfg = Release|x64
		{0750E3D0-6508-4D82-94DA-232F848CFE30}.Release|x64.Build.0 = Release|x64
		{0750E3D0-6508-4D82-94DA-232F848CFE30}.Release|x86.ActiveCfg = Release|Win32
		{0750E3D0-6508-4D82-94DA-232F848CFE30}.Release|x86.Build.0 = Release|Win32
		{4CD0EA8F-604B-4252-8E14-20F110FD768E}.Debug|x64.ActiveCfg = Debug|x64
		{4CD0EA8F-604B-4252-8E14-20F110FD768E}.Debug|x64.Build.0 = Debug|x64
		{4CD0EA8F-604B-4252-8E14-20F110FD768E}.Debug|x86.ActiveCfg = Debug|Win32
		{4CD0EA8F-604B-4252-8E14-20F110FD768E}.Debug|x86.Build.0 = Debug|Win32
		{4CD0EA8F-604B-4252-8E14-20F110FD768E}.Release|x64.ActiveCfg = Release|x64
		{4CD0EA8F-604B-4252-8E14-20F110FD768E}.Release|x64.Build.0 = Release|x64
		{4CD0EA8F-604B-4252-8E14-20F110FD768E}.Release|x86.ActiveCfg = Release|Win32
		{4CD0EA8F-604B-4252-8E14-20F110FD768E}.Release|x86.Build.0 = Release|Win32
		{07616089-A7AF-4867-A23B-9747DCF78D42}.Debug|x64.ActiveCfg = Debug|x64
		{07616089-A7AF-4867-A23B-9747DCF78D42}.Debug|x64.Build.0 = Debug|x64
		{07616089-A7AF-4867-A23B-9747DCF78D42}.Debug|x86.ActiveCfg = Debug|Win32
		{07616089-A7AF-4867-A23B-9747DCF78D42}.Debug|x86.Build.0 = Debug|Win32
		{07616089-A7AF-4867-A23B-9747DCF78D42}.Release|x64.ActiveCfg = Release|x64
		{07616089-A7AF-4867-A23B-9747DCF78D42}.Release|x64.Build.0 = Release|x64
		{07616089-A7AF-4867-A23B-9747DCF78D42}.Release|x86.ActiveCfg = Release|Win32
		{07616089-A7AF-4867-A23B-9747DCF78D42}.Release|x86.Build.0 = Release|Win32
		{36FBDEED-B616-422D-8236-7FC64DEEB7DC}.Debug|x64.ActiveCfg = Debug|x64
		{36FBDEED-B616-422D-8236-7FC64DEEB7DC}.Debug|x64.Build.0 = Debug|x64
		{36FBDEED-B616-422D-8236-7FC64DEEB7DC}.Debug|x86.ActiveCfg = Debug|Win32
		{36FBDEED-B616-422D-8236-7FC64DEEB7DC}.Debug|x86.Build.0 = Debug|Win32
		{36FBDEED-B616-422D-8236-7FC64DEEB7DC}.Release|x64.ActiveCfg = Release|x64
		{36FBDEED-B616-422D-8236-7FC64DEEB7DC}.Release|x64.Build.0 = Release|x64
		{36FBDEED-B616-422D-8236-7FC64DEEB7DC}.Release|x86.ActiveCfg = Release|Win32
		{36FBDEED-B616-422D-8236-7FC64DEEB7DC}.Release|x86.Build.0 = Release|Win32
		{4AE7871A-101B-430A-A196-780F4D2048D7}.Debug|x64.ActiveCfg = Debug|x64
		{4AE7871A-101B-430A-A196-780F4D2048D7}.Debug|x64.Build.0 = Debug|x64
		{4AE7871A-101B-430A-A196-780F4D2048D7}.Debug|x86.ActiveCfg = Debug|Win32
		{4AE7871A-101B-430A-A196-780F4D2048D7}.Debug|x86.Build.0 = Debug|Win32
		{4AE7871A-101B-430A-A196-780F4D2048D7}.Release|x64.ActiveCfg = Release|x64
		{4AE7871A-101B-430A-A196-780F4D2048D7}.Release|x64.Build.0 = Release|x64
		{4AE7871A-101B-430A-A196-780F4D2048D7}.Release|x86.ActiveCfg = Release|Win32
		{4AE7871A-101B-430A-A196-780F4D2048D7}.Release|x86.Build.0 = Release|Win32
		{DE7DD97F-3F81-43FC-B400-D167F7190C38}.Debug|x64.ActiveCfg = Debug|x64
		{DE7DD97F-3F81-43FC-B400-D167F7190C38}.Debug|x64.Build.0 = Debug|x64
		{DE7DD97F-3F81-43FC-B400-D167F7190C38}.Debug|x86.ActiveCfg = Debug|Win32
		{DE7DD97F-3F81-43FC-B400-D167F7190C38}.Debug|x86.Build.0 = Debug|Win32
		{DE7DD97F-3F81-43FC-B400-D167F7190C38}.Release|x64.ActiveCfg = Release|x64
		{DE7DD97F-3F81-43FC-B400-D167F7190C38}.Release|x64.Build.0 = Release|x64
		{DE7DD97F-3F81-43FC-B400-D167F7190C38}.Release|x86.ActiveCfg = Release|Win32
		{DE7DD97F-3F81-43FC-B400-D167F7190C38}.Release|x86.Build.0 = Release|Win32
		{8B567112-5446-4ECB-A26A-F3C36C2DCD24}.Debug|x64.ActiveCfg = Debug|x64
		{8B567112-5446-4ECB-A26A-F3C36C2DCD24}.Debug|x64.Build.0 = Debug|x64
		{8B567112-5446-4ECB-A26A-F3C36C2DCD24}.Debug|x86.ActiveCfg = Debug|Win32
		{8B567112-5446-4ECB-A26A-F3C36C2DCD24}.Debug|x86.Build.0 = Debug|Win32
		{8B567112-5446-4ECB-A26A-F3C36C2DCD24}.Release|x64.ActiveCfg = Release|x64
		{8B567112-5446-4ECB-A26A-F3C36C2DCD24}.Release|x64.Build.0 = Release|x64
		{8B567112-5446-4ECB-A26A-F3C36C2DCD24}.Release|x86.ActiveCfg = Release|Win32
		{8B567112-5446-4ECB-A26A-F3C36C2DCD24}.Release|x86.Build.0 = Release|Win32
		{6F863EA1-97E6-426F-B7FE-84F0513F3BD4}.Debug|x64.ActiveCfg = Debug|x64
		{6F863EA1-97E6-426F-B7FE-84F0513F3BD4}.Debug|x64.Build.0 = Debug|x64
		{6F863EA1-97E6-426F-B7FE-84F0513F3BD4}.Debug|x86.ActiveCfg = Debug|Win32
		{6F863EA1-97E6-426F-B7FE-84F0513F3BD4}.Debug|x86.Build.0 = Debug|Win32
		{6F863EA1-97E6-426F-B7FE-84F0513F3BD4}.Release|x64.ActiveCfg = Release|x64
		{6F863EA1-97E6-426F-B7FE-84F0513F3BD4}.Release|x64.Build.0 = Release|x64
		{6F863EA1-97E6-426F-B7FE-84F0513F3BD4}.Release|x86.ActiveCfg = Release|Win32
		{6F863EA1-97E6-426F-B7FE-84F0513F3BD4}.Release|x86.Build.0 = Release|Win32
		{83D25885-77BE-4A2D-A192-D51609DE029E}.Debug|x64.ActiveCfg = Debug|x64
		{83D25885-77BE-4A2D-A192-D51609DE029E}.Debug|x64.Build.0 = Debug|x64
		{83D25885-77BE-4A2D-A192-D51609DE029E}.Debug|x86.ActiveCfg = Debug|Win32
		{83D25885-77BE-4A2D-A192-D51609DE029E}.Debug|x86.Build.0 = Debug|Win32
		{83D25885-77BE-4A2D-A192-D51609DE029E}.Release|x64.ActiveCfg = Release|x64
		{83D25885-77BE-4A2D-A192-D51609DE029E}.Release|x64.Build.0 = Release|x64
		{83D25885-77BE-4A2D-A192-D51609DE029E}.Release|x86.ActiveCfg = Release|Win32
		{83D25885-77BE-4A2D-A192-D51609DE029E}.Release|x86.Build.0 = Release|Win32
		{A24811C1-30D6-45FA-9AA8-922BD628678F}.Debug|x64.ActiveCfg = Debug|x64
		{A24811C1-30D6-45FA-9AA8-922BD628678F}.Debug|x64.Build.0 = Debug|x64
		{A24811C1-30D6-45FA-9AA8-922BD628678F}.Debug|x86.ActiveCfg = Debug|Win32
		{A24811C1-30D6-45FA-9AA8-922BD628678F}.Debug|x86.Build.0 = Debug|Win32
		{A24811C1-30D6-45FA-9AA8-922BD628678F}.Release|x64.ActiveCfg = Release|x64
		{A24811C1-30D6-45FA-9AA8-922BD628678F}.Release|x64.Build.0 = Release|x64
		{A24811C1-30D6-45FA-9AA8-922BD628678F}.Release|x86.ActiveCfg = Release|Win32
		{A24811C1-30D6-45FA-9AA8-922BD628678F}.Release|x86.Build.0 = Release|Win32
		{565BB93A-AD87-4470-B84C-128CBC426DDD}.Debug|x64.ActiveCfg = Debug|x64
		{565BB93A-AD87-4470-B84C-128CBC426DDD}.Debug|x64.Build.0 = Debug|x64
		{565BB93A-AD87-4470-B84C-128CBC426DDD}.Debug|x86.ActiveCfg = Debug|Win32
		{565BB93A-AD87-4470-B84C-128CBC426DDD}.Debug|x86.Build.0 = Debug|Win32
		{565BB93A-AD87-4470-B84C-128CBC426DDD}.Release|x64.ActiveCfg = Release|x64
		{565BB93A-AD87-4470-B84C-128CBC426DDD}.Release|x64.Build.0 = Release|x64
		{565BB93A-AD87-4470-B84C-128CBC426DDD}.Release|x86.ActiveCfg = Release|Win32
		{565BB93A-AD87-4470-B84C-128CBC426DDD}.Release|x86.Build.0 = Release|Win32
		{1C062249-5EB9-4BB8-BA84-507DD61419B1}.Debug|x64.ActiveCfg = Debug|x64
		{1C062249-5EB9-4BB8-BA84-507DD61419B1}.Debug|x64.Build.0 = Debug|x64
		{1C062249-5EB9-4BB8-BA84-507DD61419B1}.Debug|x86.ActiveCfg = Debug|Win32
		{1C062249-5EB9-4BB8-BA84-507DD61419B1}.Debug|x86.Build.0 = Debug|Win32
		{1C062249-5EB9-4BB8-BA84-507DD61419B1}.Release|x64.ActiveCfg = Release|x64
		{1C062249-5EB9-4BB8-BA84-507DD61419B1}.Release|x64.Build.0 = Release|x64
		{1C062249-5EB9-4BB8-BA84-507DD61419B1}.Release|x86.ActiveCfg = Release|Win32
		{1C062249-5EB9-4BB8-BA84-507DD61419B1}.Release|x86.Build.0 = Release|Win32
		{3E932C41-2BFD-4936-B765-212A5C0A7F46}.Debug|x64.ActiveCfg = Debug|x64
		{3E932C41-2BFD-4936-B765-212A5C0A7F46}.Debug|x64.Build.0 = Debug|x64
		{3E932C41-2BFD-4936-B765-212A5C0A7F46}.Debug|x86.ActiveCfg = Debug|Win32
		{3E932C41-2BFD-4936-B765-212A5C0A7F46}.Debug|x86.Build.0 = Debug|Win32
		{3E932C41-2BFD-4936-B765-212A5C0A7F46}.Release|x64.ActiveCfg = Release|x64
		{3E932C41-2BFD-4936-B765-212A5C0A7F46}.Release|x64.Build.0 = Release|x64
		{3E932C41-2BFD-4936-B765-212A5C0A7F46}.Release|x86.ActiveCfg = Release|Win32
		{3E932C41-2BFD-4936-B765-212A5C0A7F46}.Release|x86.Build.0 = Release|Win32
		{7D444CD5-42F0-4011-B98A-C507362A5270}.Debug|x64.ActiveCfg = Debug|x64
		{7D444CD5-42F0-4011-B98A-C507362A5270}.Debug|x64.Build.0 = Debug|x64
		{7D444CD5-42F0-4011-B98A-C507362A5270}.Debug|x86.ActiveCfg = Debug|Win32
		{7D444CD5-42F0-4011-B98A-C507362A5270}.Debug|x86.Build.0 = Debug|Win32
		{7D444CD5-42F0-4011-B98A-C507362A5270}.Release|x64.ActiveCfg = Release|x64
		{7D444CD5-42F0-4011-B98A-C507362A5270}.Release|x64.Build.0 = Release|x64
		{7D444CD5-42F0-4011-B98A-C507362A5270}.Release|x86.ActiveCfg = Release|Win32
		{7D444CD5-42F0-4011-B98A-C507362A5270}.Release|x86.Build.0 = Release|Win32
		{B804BA13-8B05-4486-B611-2A736C45FF31}.Debug|x64.ActiveCfg = Debug|x64
		{B804BA13-8B05-4486-B611-2A736C45FF31}.Debug|x64.Build.0 = Debug|x64
		{B804BA13-8B05-4486-B611-2A736C45FF31}.Debug|x86.ActiveCfg = Debug|Win32
		{B804BA13-8B05-4486-B611-2A736C45FF31}.Debug|x86.Build.0 = Debug|Win32
		{B804BA13-8B05-4486-B611-2A736C45FF31}.Release|x64.ActiveCfg = Release|x64
		{B804BA13-8B05-4486-B611-2A736C45FF31}.Release|x64.Build.0 = Release|x64
		{B804BA13-8B05-4486-B611-2A736C45FF31}.Release|x86.ActiveCfg = Release|Win32
		{B804BA13-8B05-4486-B611-2A736C45FF31}.Release|x86.Build.0 = Release|Win32
		{305E5CA4-FD13-4614-97A7-023013A300D1}.Debug|x64.ActiveCfg = Debug|x64
		{305E5CA4-FD13-4614-97A7-023013A300D1}.Debug|x64.Build.0 = Debug|x64
		{305E5CA4-FD13-4614-97A7-023013A300D1}.Debug|x86.ActiveCfg = Debug|Win32
		{305E5CA4-FD13-4614-97A7-023013A300D1}.Debug|x86.Build.0 = Debug|Win32
		{305E5CA4-FD13-4614-97A7-023013A300D1}.Release|x64.ActiveCfg = Release|x64
		{305E5CA4-FD13-4614-97A7-023013A300D1}.Release|x64.Build.0 = Release|x64
		{305E5CA4-FD13-4614-97A7-023013A300D1}.Release|x86.ActiveCfg = Release|Win32
		{305E5CA4-FD13-4614-97A7-023013A300D1}.Release|x86.Build.0 = Release|Win32
		{B3BD01A3-48CF-44A8-BC4A-215DC7AAD61D}.Debug|x64.ActiveCfg = Debug|x64
		{B3BD01A3-48CF-44A8-BC4A-215DC7AAD61D}.Debug|x64.Build.0 = Debug|x64
		{B3BD01A3-48CF-44A8-BC4A-215DC7AAD61D}.Debug|x86.ActiveCfg = Debug|Win32
		{B3BD01A3-48CF-44A8-BC4A-215DC7AAD61D}.Debug|x86.Build.0 = Debug|Win32
		{B3BD01A3-48CF-44A8-BC4A-215DC7AAD61D}.Release|x64.ActiveCfg = Release|x64
		{B3BD01A3-48CF-44A8-BC4A-215DC7AAD61D}.Release|x64.Build.0 = Release|x64
		{B3BD01A3-48CF-44A8-BC4A-215DC7AAD61D}.Release|x86.ActiveCfg = Release|Win32
		{B3BD01A3-48CF-44A8-BC4A-215DC7AAD61D}.Release|x86.Build.0 = Release|Win32
	EndGlobalSection
	GlobalSection(SolutionProperties) = preSolution
		HideSolutionNode = FALSE
	EndGlobalSection
	GlobalSection(ExtensibilityGlobals) = postSolution
		SolutionGuid = {A0D53852-6219-450D-937A-4473CBEB0CD2}
	EndGlobalSection
EndGlobal
