
Microsoft Visual Studio Solution File, Format Version 12.00
# Visual Studio Version 16
VisualStudioVersion = 16.0.31911.196
MinimumVisualStudioVersion = 10.0.40219.1
Project("{8BC9CEB8-8B4A-11D0-8D11-00A0C91BC942}") = "zad1", "zad1\zad1.vcxproj", "{F04488F7-85BF-42C0-BF0C-C74538C51BAF}"
EndProject
Project("{8BC9CEB8-8B4A-11D0-8D11-00A0C91BC942}") = "zad1Test", "zad1Test\zad1Test.vcxproj", "{31DF3FF2-ACF2-4340-B854-9A07D2F834EE}"
EndProject
Project("{8BC9CEB8-8B4A-11D0-8D11-00A0C91BC942}") = "zad2", "zad2\zad2.vcxproj", "{AC0C930E-3166-4791-845D-45E667221D8F}"
EndProject
Project("{8BC9CEB8-8B4A-11D0-8D11-00A0C91BC942}") = "draft", "draft\draft.vcxproj", "{7B1E4AA9-BA3C-4704-AE46-BACEE5ABF238}"
EndProject
Project("{8BC9CEB8-8B4A-11D0-8D11-00A0C91BC942}") = "zad2Test", "zad2Test\zad2Test.vcxproj", "{BA15DF61-014F-48E9-A311-2A1720F6CC88}"
EndProject
Project("{8BC9CEB8-8B4A-11D0-8D11-00A0C91BC942}") = "zad3", "zad3\zad3.vcxproj", "{E683B25F-CA2B-45FA-BFC9-B093B0FD3F2D}"
EndProject
Project("{8BC9CEB8-8B4A-11D0-8D11-00A0C91BC942}") = "zad3Test", "zad3Test\zad3Test.vcxproj", "{F585D4C6-57E8-40A8-882D-029DBAD4304D}"
EndProject
Project("{8BC9CEB8-8B4A-11D0-8D11-00A0C91BC942}") = "zad4", "zad4\zad4.vcxproj", "{55E0861A-89F1-4D6C-B35C-ABBCD9CB9068}"
EndProject
Project("{8BC9CEB8-8B4A-11D0-8D11-00A0C91BC942}") = "zad5", "zad5\zad5.vcxproj", "{5574973E-9022-40B6-B6DD-9AAE51FC20F7}"
EndProject
Project("{8BC9CEB8-8B4A-11D0-8D11-00A0C91BC942}") = "zad5Test", "zad5Test\zad5Test.vcxproj", "{585BFD40-2288-4EA5-941E-DE2C4C365409}"
EndProject
Project("{8BC9CEB8-8B4A-11D0-8D11-00A0C91BC942}") = "zad4Test", "zad4Test\zad4Test.vcxproj", "{754CDDC7-FDF1-4FCE-91A7-D62FE1AC055E}"
EndProject
Global
	GlobalSection(SolutionConfigurationPlatforms) = preSolution
		Debug|x64 = Debug|x64
		Debug|x86 = Debug|x86
		Release|x64 = Release|x64
		Release|x86 = Release|x86
	EndGlobalSection
	GlobalSection(ProjectConfigurationPlatforms) = postSolution
		{F04488F7-85BF-42C0-BF0C-C74538C51BAF}.Debug|x64.ActiveCfg = Debug|x64
		{F04488F7-85BF-42C0-BF0C-C74538C51BAF}.Debug|x64.Build.0 = Debug|x64
		{F04488F7-85BF-42C0-BF0C-C74538C51BAF}.Debug|x86.ActiveCfg = Debug|Win32
		{F04488F7-85BF-42C0-BF0C-C74538C51BAF}.Debug|x86.Build.0 = Debug|Win32
		{F04488F7-85BF-42C0-BF0C-C74538C51BAF}.Release|x64.ActiveCfg = Release|x64
		{F04488F7-85BF-42C0-BF0C-C74538C51BAF}.Release|x64.Build.0 = Release|x64
		{F04488F7-85BF-42C0-BF0C-C74538C51BAF}.Release|x86.ActiveCfg = Release|Win32
		{F04488F7-85BF-42C0-BF0C-C74538C51BAF}.Release|x86.Build.0 = Release|Win32
		{31DF3FF2-ACF2-4340-B854-9A07D2F834EE}.Debug|x64.ActiveCfg = Debug|x64
		{31DF3FF2-ACF2-4340-B854-9A07D2F834EE}.Debug|x64.Build.0 = Debug|x64
		{31DF3FF2-ACF2-4340-B854-9A07D2F834EE}.Debug|x86.ActiveCfg = Debug|Win32
		{31DF3FF2-ACF2-4340-B854-9A07D2F834EE}.Debug|x86.Build.0 = Debug|Win32
		{31DF3FF2-ACF2-4340-B854-9A07D2F834EE}.Release|x64.ActiveCfg = Release|x64
		{31DF3FF2-ACF2-4340-B854-9A07D2F834EE}.Release|x64.Build.0 = Release|x64
		{31DF3FF2-ACF2-4340-B854-9A07D2F834EE}.Release|x86.ActiveCfg = Release|Win32
		{31DF3FF2-ACF2-4340-B854-9A07D2F834EE}.Release|x86.Build.0 = Release|Win32
		{AC0C930E-3166-4791-845D-45E667221D8F}.Debug|x64.ActiveCfg = Debug|x64
		{AC0C930E-3166-4791-845D-45E667221D8F}.Debug|x64.Build.0 = Debug|x64
		{AC0C930E-3166-4791-845D-45E667221D8F}.Debug|x86.ActiveCfg = Debug|Win32
		{AC0C930E-3166-4791-845D-45E667221D8F}.Debug|x86.Build.0 = Debug|Win32
		{AC0C930E-3166-4791-845D-45E667221D8F}.Release|x64.ActiveCfg = Release|x64
		{AC0C930E-3166-4791-845D-45E667221D8F}.Release|x64.Build.0 = Release|x64
		{AC0C930E-3166-4791-845D-45E667221D8F}.Release|x86.ActiveCfg = Release|Win32
		{AC0C930E-3166-4791-845D-45E667221D8F}.Release|x86.Build.0 = Release|Win32
		{7B1E4AA9-BA3C-4704-AE46-BACEE5ABF238}.Debug|x64.ActiveCfg = Debug|x64
		{7B1E4AA9-BA3C-4704-AE46-BACEE5ABF238}.Debug|x64.Build.0 = Debug|x64
		{7B1E4AA9-BA3C-4704-AE46-BACEE5ABF238}.Debug|x86.ActiveCfg = Debug|Win32
		{7B1E4AA9-BA3C-4704-AE46-BACEE5ABF238}.Debug|x86.Build.0 = Debug|Win32
		{7B1E4AA9-BA3C-4704-AE46-BACEE5ABF238}.Release|x64.ActiveCfg = Release|x64
		{7B1E4AA9-BA3C-4704-AE46-BACEE5ABF238}.Release|x64.Build.0 = Release|x64
		{7B1E4AA9-BA3C-4704-AE46-BACEE5ABF238}.Release|x86.ActiveCfg = Release|Win32
		{7B1E4AA9-BA3C-4704-AE46-BACEE5ABF238}.Release|x86.Build.0 = Release|Win32
		{BA15DF61-014F-48E9-A311-2A1720F6CC88}.Debug|x64.ActiveCfg = Debug|x64
		{BA15DF61-014F-48E9-A311-2A1720F6CC88}.Debug|x64.Build.0 = Debug|x64
		{BA15DF61-014F-48E9-A311-2A1720F6CC88}.Debug|x86.ActiveCfg = Debug|Win32
		{BA15DF61-014F-48E9-A311-2A1720F6CC88}.Debug|x86.Build.0 = Debug|Win32
		{BA15DF61-014F-48E9-A311-2A1720F6CC88}.Release|x64.ActiveCfg = Release|x64
		{BA15DF61-014F-48E9-A311-2A1720F6CC88}.Release|x64.Build.0 = Release|x64
		{BA15DF61-014F-48E9-A311-2A1720F6CC88}.Release|x86.ActiveCfg = Release|Win32
		{BA15DF61-014F-48E9-A311-2A1720F6CC88}.Release|x86.Build.0 = Release|Win32
		{E683B25F-CA2B-45FA-BFC9-B093B0FD3F2D}.Debug|x64.ActiveCfg = Debug|x64
		{E683B25F-CA2B-45FA-BFC9-B093B0FD3F2D}.Debug|x64.Build.0 = Debug|x64
		{E683B25F-CA2B-45FA-BFC9-B093B0FD3F2D}.Debug|x86.ActiveCfg = Debug|Win32
		{E683B25F-CA2B-45FA-BFC9-B093B0FD3F2D}.Debug|x86.Build.0 = Debug|Win32
		{E683B25F-CA2B-45FA-BFC9-B093B0FD3F2D}.Release|x64.ActiveCfg = Release|x64
		{E683B25F-CA2B-45FA-BFC9-B093B0FD3F2D}.Release|x64.Build.0 = Release|x64
		{E683B25F-CA2B-45FA-BFC9-B093B0FD3F2D}.Release|x86.ActiveCfg = Release|Win32
		{E683B25F-CA2B-45FA-BFC9-B093B0FD3F2D}.Release|x86.Build.0 = Release|Win32
		{F585D4C6-57E8-40A8-882D-029DBAD4304D}.Debug|x64.ActiveCfg = Debug|x64
		{F585D4C6-57E8-40A8-882D-029DBAD4304D}.Debug|x64.Build.0 = Debug|x64
		{F585D4C6-57E8-40A8-882D-029DBAD4304D}.Debug|x86.ActiveCfg = Debug|Win32
		{F585D4C6-57E8-40A8-882D-029DBAD4304D}.Debug|x86.Build.0 = Debug|Win32
		{F585D4C6-57E8-40A8-882D-029DBAD4304D}.Release|x64.ActiveCfg = Release|x64
		{F585D4C6-57E8-40A8-882D-029DBAD4304D}.Release|x64.Build.0 = Release|x64
		{F585D4C6-57E8-40A8-882D-029DBAD4304D}.Release|x86.ActiveCfg = Release|Win32
		{F585D4C6-57E8-40A8-882D-029DBAD4304D}.Release|x86.Build.0 = Release|Win32
		{55E0861A-89F1-4D6C-B35C-ABBCD9CB9068}.Debug|x64.ActiveCfg = Debug|x64
		{55E0861A-89F1-4D6C-B35C-ABBCD9CB9068}.Debug|x64.Build.0 = Debug|x64
		{55E0861A-89F1-4D6C-B35C-ABBCD9CB9068}.Debug|x86.ActiveCfg = Debug|Win32
		{55E0861A-89F1-4D6C-B35C-ABBCD9CB9068}.Debug|x86.Build.0 = Debug|Win32
		{55E0861A-89F1-4D6C-B35C-ABBCD9CB9068}.Release|x64.ActiveCfg = Release|x64
		{55E0861A-89F1-4D6C-B35C-ABBCD9CB9068}.Release|x64.Build.0 = Release|x64
		{55E0861A-89F1-4D6C-B35C-ABBCD9CB9068}.Release|x86.ActiveCfg = Release|Win32
		{55E0861A-89F1-4D6C-B35C-ABBCD9CB9068}.Release|x86.Build.0 = Release|Win32
		{5574973E-9022-40B6-B6DD-9AAE51FC20F7}.Debug|x64.ActiveCfg = Debug|x64
		{5574973E-9022-40B6-B6DD-9AAE51FC20F7}.Debug|x64.Build.0 = Debug|x64
		{5574973E-9022-40B6-B6DD-9AAE51FC20F7}.Debug|x86.ActiveCfg = Debug|Win32
		{5574973E-9022-40B6-B6DD-9AAE51FC20F7}.Debug|x86.Build.0 = Debug|Win32
		{5574973E-9022-40B6-B6DD-9AAE51FC20F7}.Release|x64.ActiveCfg = Release|x64
		{5574973E-9022-40B6-B6DD-9AAE51FC20F7}.Release|x64.Build.0 = Release|x64
		{5574973E-9022-40B6-B6DD-9AAE51FC20F7}.Release|x86.ActiveCfg = Release|Win32
		{5574973E-9022-40B6-B6DD-9AAE51FC20F7}.Release|x86.Build.0 = Release|Win32
		{585BFD40-2288-4EA5-941E-DE2C4C365409}.Debug|x64.ActiveCfg = Debug|x64
		{585BFD40-2288-4EA5-941E-DE2C4C365409}.Debug|x64.Build.0 = Debug|x64
		{585BFD40-2288-4EA5-941E-DE2C4C365409}.Debug|x86.ActiveCfg = Debug|Win32
		{585BFD40-2288-4EA5-941E-DE2C4C365409}.Debug|x86.Build.0 = Debug|Win32
		{585BFD40-2288-4EA5-941E-DE2C4C365409}.Release|x64.ActiveCfg = Release|x64
		{585BFD40-2288-4EA5-941E-DE2C4C365409}.Release|x64.Build.0 = Release|x64
		{585BFD40-2288-4EA5-941E-DE2C4C365409}.Release|x86.ActiveCfg = Release|Win32
		{585BFD40-2288-4EA5-941E-DE2C4C365409}.Release|x86.Build.0 = Release|Win32
		{754CDDC7-FDF1-4FCE-91A7-D62FE1AC055E}.Debug|x64.ActiveCfg = Debug|x64
		{754CDDC7-FDF1-4FCE-91A7-D62FE1AC055E}.Debug|x64.Build.0 = Debug|x64
		{754CDDC7-FDF1-4FCE-91A7-D62FE1AC055E}.Debug|x86.ActiveCfg = Debug|Win32
		{754CDDC7-FDF1-4FCE-91A7-D62FE1AC055E}.Debug|x86.Build.0 = Debug|Win32
		{754CDDC7-FDF1-4FCE-91A7-D62FE1AC055E}.Release|x64.ActiveCfg = Release|x64
		{754CDDC7-FDF1-4FCE-91A7-D62FE1AC055E}.Release|x64.Build.0 = Release|x64
		{754CDDC7-FDF1-4FCE-91A7-D62FE1AC055E}.Release|x86.ActiveCfg = Release|Win32
		{754CDDC7-FDF1-4FCE-91A7-D62FE1AC055E}.Release|x86.Build.0 = Release|Win32
	EndGlobalSection
	GlobalSection(SolutionProperties) = preSolution
		HideSolutionNode = FALSE
	EndGlobalSection
	GlobalSection(ExtensibilityGlobals) = postSolution
		SolutionGuid = {106EA384-5850-4E76-BE76-0A196FEF7433}
	EndGlobalSection
EndGlobal
