
Microsoft Visual Studio Solution File, Format Version 12.00
# Visual Studio Version 16
VisualStudioVersion = 16.0.31911.196
MinimumVisualStudioVersion = 10.0.40219.1
Project("{8BC9CEB8-8B4A-11D0-8D11-00A0C91BC942}") = "zad1", "zad1\zad1.vcxproj", "{FAF51F59-2877-4051-8144-60AD7A68F147}"
EndProject
Project("{8BC9CEB8-8B4A-11D0-8D11-00A0C91BC942}") = "zad1noarray", "zad1()\zad1().vcxproj", "{80E0527D-160A-48E5-B720-8B227167509F}"
EndProject
Project("{8BC9CEB8-8B4A-11D0-8D11-00A0C91BC942}") = "zad2", "zad2\zad2.vcxproj", "{4A78A4D2-B8CF-4DD7-A69E-4F6E0D8A922C}"
EndProject
Project("{8BC9CEB8-8B4A-11D0-8D11-00A0C91BC942}") = "zad4", "zad4\zad4.vcxproj", "{D82CC2AF-C708-4993-BC35-6E27BA2330AE}"
EndProject
Project("{8BC9CEB8-8B4A-11D0-8D11-00A0C91BC942}") = "zad5", "zad5\zad5.vcxproj", "{90559DA8-359E-4F54-9394-AD42697A891B}"
EndProject
Project("{8BC9CEB8-8B4A-11D0-8D11-00A0C91BC942}") = "zad5Test", "zad5Test\zad5Test.vcxproj", "{0EA3142C-08A8-4FB9-AB85-ACF3CD45A317}"
EndProject
Project("{8BC9CEB8-8B4A-11D0-8D11-00A0C91BC942}") = "zad6(.)", "zad6(.)\zad6(.).vcxproj", "{9CA10771-7A9E-48C3-9F6B-3DA26ADC6C90}"
EndProject
Project("{8BC9CEB8-8B4A-11D0-8D11-00A0C91BC942}") = "zad6Test", "zad6Test\zad6Test.vcxproj", "{C07B23E7-60B4-4E79-A3A6-95B26D6B91D8}"
EndProject
Project("{8BC9CEB8-8B4A-11D0-8D11-00A0C91BC942}") = "draft", "draft\draft.vcxproj", "{4D6EC4F9-63E7-4957-BB1E-CC0C4667A520}"
EndProject
Project("{8BC9CEB8-8B4A-11D0-8D11-00A0C91BC942}") = "zad7", "zad7\zad7.vcxproj", "{FDF4CFD1-C8F4-4164-9F4B-B68C86E85F82}"
EndProject
Project("{8BC9CEB8-8B4A-11D0-8D11-00A0C91BC942}") = "zad10", "zad10\zad10.vcxproj", "{64E120D1-65EC-491B-BADD-8B9F90DBBEC0}"
EndProject
Project("{8BC9CEB8-8B4A-11D0-8D11-00A0C91BC942}") = "zad7Test", "zad7Test\zad7Test.vcxproj", "{85DB8986-C199-45A0-A573-77DFAC5A6D3D}"
EndProject
Project("{8BC9CEB8-8B4A-11D0-8D11-00A0C91BC942}") = "zad1Test", "zad1Test\zad1Test.vcxproj", "{A0219098-88D4-4B88-86DE-0681CF56E9C1}"
EndProject
Project("{8BC9CEB8-8B4A-11D0-8D11-00A0C91BC942}") = "zad10Test", "zad10Test\zad10Test.vcxproj", "{A597B924-B498-4DA0-95A0-0140BC9C0C62}"
EndProject
Project("{8BC9CEB8-8B4A-11D0-8D11-00A0C91BC942}") = "zad2Test", "zad2Test\zad2Test.vcxproj", "{80415722-2112-44E0-B099-6633E4C69C6A}"
EndProject
Project("{8BC9CEB8-8B4A-11D0-8D11-00A0C91BC942}") = "zad4Test", "zad4Test\zad4Test.vcxproj", "{4962BD0F-10AD-4D84-A61B-87E6F4736A1D}"
EndProject
Project("{8BC9CEB8-8B4A-11D0-8D11-00A0C91BC942}") = "zad9", "zad9\zad9.vcxproj", "{B7276C7A-80FB-4957-B141-D5327F4D0C53}"
EndProject
Project("{8BC9CEB8-8B4A-11D0-8D11-00A0C91BC942}") = "zad9Test", "zad9Test\zad9Test.vcxproj", "{3CB0456F-2BF5-4414-A81F-34AABCA6119D}"
EndProject
Project("{8BC9CEB8-8B4A-11D0-8D11-00A0C91BC942}") = "zad3Test", "zad3Test\zad3Test.vcxproj", "{15D90F87-6611-4D15-AA6F-EA36354701B7}"
EndProject
Project("{8BC9CEB8-8B4A-11D0-8D11-00A0C91BC942}") = "zad3", "zad3\zad3.vcxproj", "{0AC37117-2566-4DCB-A901-FDE4157B17BF}"
EndProject
Project("{8BC9CEB8-8B4A-11D0-8D11-00A0C91BC942}") = "zad8", "zad8\zad8.vcxproj", "{A0C1BDD9-9F9A-47AC-88D4-D52A8E123676}"
EndProject
Project("{8BC9CEB8-8B4A-11D0-8D11-00A0C91BC942}") = "zad8Test", "zad8Test\zad8Test.vcxproj", "{4F587065-AE37-4EF3-91A6-8D15955AE270}"
EndProject
Global
	GlobalSection(SolutionConfigurationPlatforms) = preSolution
		Debug|x64 = Debug|x64
		Debug|x86 = Debug|x86
		Release|x64 = Release|x64
		Release|x86 = Release|x86
	EndGlobalSection
	GlobalSection(ProjectConfigurationPlatforms) = postSolution
		{FAF51F59-2877-4051-8144-60AD7A68F147}.Debug|x64.ActiveCfg = Debug|x64
		{FAF51F59-2877-4051-8144-60AD7A68F147}.Debug|x64.Build.0 = Debug|x64
		{FAF51F59-2877-4051-8144-60AD7A68F147}.Debug|x86.ActiveCfg = Debug|Win32
		{FAF51F59-2877-4051-8144-60AD7A68F147}.Debug|x86.Build.0 = Debug|Win32
		{FAF51F59-2877-4051-8144-60AD7A68F147}.Release|x64.ActiveCfg = Release|x64
		{FAF51F59-2877-4051-8144-60AD7A68F147}.Release|x64.Build.0 = Release|x64
		{FAF51F59-2877-4051-8144-60AD7A68F147}.Release|x86.ActiveCfg = Release|Win32
		{FAF51F59-2877-4051-8144-60AD7A68F147}.Release|x86.Build.0 = Release|Win32
		{80E0527D-160A-48E5-B720-8B227167509F}.Debug|x64.ActiveCfg = Debug|x64
		{80E0527D-160A-48E5-B720-8B227167509F}.Debug|x64.Build.0 = Debug|x64
		{80E0527D-160A-48E5-B720-8B227167509F}.Debug|x86.ActiveCfg = Debug|Win32
		{80E0527D-160A-48E5-B720-8B227167509F}.Debug|x86.Build.0 = Debug|Win32
		{80E0527D-160A-48E5-B720-8B227167509F}.Release|x64.ActiveCfg = Release|x64
		{80E0527D-160A-48E5-B720-8B227167509F}.Release|x64.Build.0 = Release|x64
		{80E0527D-160A-48E5-B720-8B227167509F}.Release|x86.ActiveCfg = Release|Win32
		{80E0527D-160A-48E5-B720-8B227167509F}.Release|x86.Build.0 = Release|Win32
		{4A78A4D2-B8CF-4DD7-A69E-4F6E0D8A922C}.Debug|x64.ActiveCfg = Debug|x64
		{4A78A4D2-B8CF-4DD7-A69E-4F6E0D8A922C}.Debug|x64.Build.0 = Debug|x64
		{4A78A4D2-B8CF-4DD7-A69E-4F6E0D8A922C}.Debug|x86.ActiveCfg = Debug|Win32
		{4A78A4D2-B8CF-4DD7-A69E-4F6E0D8A922C}.Debug|x86.Build.0 = Debug|Win32
		{4A78A4D2-B8CF-4DD7-A69E-4F6E0D8A922C}.Release|x64.ActiveCfg = Release|x64
		{4A78A4D2-B8CF-4DD7-A69E-4F6E0D8A922C}.Release|x64.Build.0 = Release|x64
		{4A78A4D2-B8CF-4DD7-A69E-4F6E0D8A922C}.Release|x86.ActiveCfg = Release|Win32
		{4A78A4D2-B8CF-4DD7-A69E-4F6E0D8A922C}.Release|x86.Build.0 = Release|Win32
		{D82CC2AF-C708-4993-BC35-6E27BA2330AE}.Debug|x64.ActiveCfg = Debug|x64
		{D82CC2AF-C708-4993-BC35-6E27BA2330AE}.Debug|x64.Build.0 = Debug|x64
		{D82CC2AF-C708-4993-BC35-6E27BA2330AE}.Debug|x86.ActiveCfg = Debug|Win32
		{D82CC2AF-C708-4993-BC35-6E27BA2330AE}.Debug|x86.Build.0 = Debug|Win32
		{D82CC2AF-C708-4993-BC35-6E27BA2330AE}.Release|x64.ActiveCfg = Release|x64
		{D82CC2AF-C708-4993-BC35-6E27BA2330AE}.Release|x64.Build.0 = Release|x64
		{D82CC2AF-C708-4993-BC35-6E27BA2330AE}.Release|x86.ActiveCfg = Release|Win32
		{D82CC2AF-C708-4993-BC35-6E27BA2330AE}.Release|x86.Build.0 = Release|Win32
		{90559DA8-359E-4F54-9394-AD42697A891B}.Debug|x64.ActiveCfg = Debug|x64
		{90559DA8-359E-4F54-9394-AD42697A891B}.Debug|x64.Build.0 = Debug|x64
		{90559DA8-359E-4F54-9394-AD42697A891B}.Debug|x86.ActiveCfg = Debug|Win32
		{90559DA8-359E-4F54-9394-AD42697A891B}.Debug|x86.Build.0 = Debug|Win32
		{90559DA8-359E-4F54-9394-AD42697A891B}.Release|x64.ActiveCfg = Release|x64
		{90559DA8-359E-4F54-9394-AD42697A891B}.Release|x64.Build.0 = Release|x64
		{90559DA8-359E-4F54-9394-AD42697A891B}.Release|x86.ActiveCfg = Release|Win32
		{90559DA8-359E-4F54-9394-AD42697A891B}.Release|x86.Build.0 = Release|Win32
		{0EA3142C-08A8-4FB9-AB85-ACF3CD45A317}.Debug|x64.ActiveCfg = Debug|x64
		{0EA3142C-08A8-4FB9-AB85-ACF3CD45A317}.Debug|x64.Build.0 = Debug|x64
		{0EA3142C-08A8-4FB9-AB85-ACF3CD45A317}.Debug|x86.ActiveCfg = Debug|Win32
		{0EA3142C-08A8-4FB9-AB85-ACF3CD45A317}.Debug|x86.Build.0 = Debug|Win32
		{0EA3142C-08A8-4FB9-AB85-ACF3CD45A317}.Release|x64.ActiveCfg = Release|x64
		{0EA3142C-08A8-4FB9-AB85-ACF3CD45A317}.Release|x64.Build.0 = Release|x64
		{0EA3142C-08A8-4FB9-AB85-ACF3CD45A317}.Release|x86.ActiveCfg = Release|Win32
		{0EA3142C-08A8-4FB9-AB85-ACF3CD45A317}.Release|x86.Build.0 = Release|Win32
		{9CA10771-7A9E-48C3-9F6B-3DA26ADC6C90}.Debug|x64.ActiveCfg = Debug|x64
		{9CA10771-7A9E-48C3-9F6B-3DA26ADC6C90}.Debug|x64.Build.0 = Debug|x64
		{9CA10771-7A9E-48C3-9F6B-3DA26ADC6C90}.Debug|x86.ActiveCfg = Debug|Win32
		{9CA10771-7A9E-48C3-9F6B-3DA26ADC6C90}.Debug|x86.Build.0 = Debug|Win32
		{9CA10771-7A9E-48C3-9F6B-3DA26ADC6C90}.Release|x64.ActiveCfg = Release|x64
		{9CA10771-7A9E-48C3-9F6B-3DA26ADC6C90}.Release|x64.Build.0 = Release|x64
		{9CA10771-7A9E-48C3-9F6B-3DA26ADC6C90}.Release|x86.ActiveCfg = Release|Win32
		{9CA10771-7A9E-48C3-9F6B-3DA26ADC6C90}.Release|x86.Build.0 = Release|Win32
		{C07B23E7-60B4-4E79-A3A6-95B26D6B91D8}.Debug|x64.ActiveCfg = Debug|x64
		{C07B23E7-60B4-4E79-A3A6-95B26D6B91D8}.Debug|x64.Build.0 = Debug|x64
		{C07B23E7-60B4-4E79-A3A6-95B26D6B91D8}.Debug|x86.ActiveCfg = Debug|Win32
		{C07B23E7-60B4-4E79-A3A6-95B26D6B91D8}.Debug|x86.Build.0 = Debug|Win32
		{C07B23E7-60B4-4E79-A3A6-95B26D6B91D8}.Release|x64.ActiveCfg = Release|x64
		{C07B23E7-60B4-4E79-A3A6-95B26D6B91D8}.Release|x64.Build.0 = Release|x64
		{C07B23E7-60B4-4E79-A3A6-95B26D6B91D8}.Release|x86.ActiveCfg = Release|Win32
		{C07B23E7-60B4-4E79-A3A6-95B26D6B91D8}.Release|x86.Build.0 = Release|Win32
		{4D6EC4F9-63E7-4957-BB1E-CC0C4667A520}.Debug|x64.ActiveCfg = Debug|x64
		{4D6EC4F9-63E7-4957-BB1E-CC0C4667A520}.Debug|x64.Build.0 = Debug|x64
		{4D6EC4F9-63E7-4957-BB1E-CC0C4667A520}.Debug|x86.ActiveCfg = Debug|Win32
		{4D6EC4F9-63E7-4957-BB1E-CC0C4667A520}.Debug|x86.Build.0 = Debug|Win32
		{4D6EC4F9-63E7-4957-BB1E-CC0C4667A520}.Release|x64.ActiveCfg = Release|x64
		{4D6EC4F9-63E7-4957-BB1E-CC0C4667A520}.Release|x64.Build.0 = Release|x64
		{4D6EC4F9-63E7-4957-BB1E-CC0C4667A520}.Release|x86.ActiveCfg = Release|Win32
		{4D6EC4F9-63E7-4957-BB1E-CC0C4667A520}.Release|x86.Build.0 = Release|Win32
		{FDF4CFD1-C8F4-4164-9F4B-B68C86E85F82}.Debug|x64.ActiveCfg = Debug|x64
		{FDF4CFD1-C8F4-4164-9F4B-B68C86E85F82}.Debug|x64.Build.0 = Debug|x64
		{FDF4CFD1-C8F4-4164-9F4B-B68C86E85F82}.Debug|x86.ActiveCfg = Debug|Win32
		{FDF4CFD1-C8F4-4164-9F4B-B68C86E85F82}.Debug|x86.Build.0 = Debug|Win32
		{FDF4CFD1-C8F4-4164-9F4B-B68C86E85F82}.Release|x64.ActiveCfg = Release|x64
		{FDF4CFD1-C8F4-4164-9F4B-B68C86E85F82}.Release|x64.Build.0 = Release|x64
		{FDF4CFD1-C8F4-4164-9F4B-B68C86E85F82}.Release|x86.ActiveCfg = Release|Win32
		{FDF4CFD1-C8F4-4164-9F4B-B68C86E85F82}.Release|x86.Build.0 = Release|Win32
		{64E120D1-65EC-491B-BADD-8B9F90DBBEC0}.Debug|x64.ActiveCfg = Debug|x64
		{64E120D1-65EC-491B-BADD-8B9F90DBBEC0}.Debug|x64.Build.0 = Debug|x64
		{64E120D1-65EC-491B-BADD-8B9F90DBBEC0}.Debug|x86.ActiveCfg = Debug|Win32
		{64E120D1-65EC-491B-BADD-8B9F90DBBEC0}.Debug|x86.Build.0 = Debug|Win32
		{64E120D1-65EC-491B-BADD-8B9F90DBBEC0}.Release|x64.ActiveCfg = Release|x64
		{64E120D1-65EC-491B-BADD-8B9F90DBBEC0}.Release|x64.Build.0 = Release|x64
		{64E120D1-65EC-491B-BADD-8B9F90DBBEC0}.Release|x86.ActiveCfg = Release|Win32
		{64E120D1-65EC-491B-BADD-8B9F90DBBEC0}.Release|x86.Build.0 = Release|Win32
		{85DB8986-C199-45A0-A573-77DFAC5A6D3D}.Debug|x64.ActiveCfg = Debug|x64
		{85DB8986-C199-45A0-A573-77DFAC5A6D3D}.Debug|x64.Build.0 = Debug|x64
		{85DB8986-C199-45A0-A573-77DFAC5A6D3D}.Debug|x86.ActiveCfg = Debug|Win32
		{85DB8986-C199-45A0-A573-77DFAC5A6D3D}.Debug|x86.Build.0 = Debug|Win32
		{85DB8986-C199-45A0-A573-77DFAC5A6D3D}.Release|x64.ActiveCfg = Release|x64
		{85DB8986-C199-45A0-A573-77DFAC5A6D3D}.Release|x64.Build.0 = Release|x64
		{85DB8986-C199-45A0-A573-77DFAC5A6D3D}.Release|x86.ActiveCfg = Release|Win32
		{85DB8986-C199-45A0-A573-77DFAC5A6D3D}.Release|x86.Build.0 = Release|Win32
		{A0219098-88D4-4B88-86DE-0681CF56E9C1}.Debug|x64.ActiveCfg = Debug|x64
		{A0219098-88D4-4B88-86DE-0681CF56E9C1}.Debug|x64.Build.0 = Debug|x64
		{A0219098-88D4-4B88-86DE-0681CF56E9C1}.Debug|x86.ActiveCfg = Debug|Win32
		{A0219098-88D4-4B88-86DE-0681CF56E9C1}.Debug|x86.Build.0 = Debug|Win32
		{A0219098-88D4-4B88-86DE-0681CF56E9C1}.Release|x64.ActiveCfg = Release|x64
		{A0219098-88D4-4B88-86DE-0681CF56E9C1}.Release|x64.Build.0 = Release|x64
		{A0219098-88D4-4B88-86DE-0681CF56E9C1}.Release|x86.ActiveCfg = Release|Win32
		{A0219098-88D4-4B88-86DE-0681CF56E9C1}.Release|x86.Build.0 = Release|Win32
		{A597B924-B498-4DA0-95A0-0140BC9C0C62}.Debug|x64.ActiveCfg = Debug|x64
		{A597B924-B498-4DA0-95A0-0140BC9C0C62}.Debug|x64.Build.0 = Debug|x64
		{A597B924-B498-4DA0-95A0-0140BC9C0C62}.Debug|x86.ActiveCfg = Debug|Win32
		{A597B924-B498-4DA0-95A0-0140BC9C0C62}.Debug|x86.Build.0 = Debug|Win32
		{A597B924-B498-4DA0-95A0-0140BC9C0C62}.Release|x64.ActiveCfg = Release|x64
		{A597B924-B498-4DA0-95A0-0140BC9C0C62}.Release|x64.Build.0 = Release|x64
		{A597B924-B498-4DA0-95A0-0140BC9C0C62}.Release|x86.ActiveCfg = Release|Win32
		{A597B924-B498-4DA0-95A0-0140BC9C0C62}.Release|x86.Build.0 = Release|Win32
		{80415722-2112-44E0-B099-6633E4C69C6A}.Debug|x64.ActiveCfg = Debug|x64
		{80415722-2112-44E0-B099-6633E4C69C6A}.Debug|x64.Build.0 = Debug|x64
		{80415722-2112-44E0-B099-6633E4C69C6A}.Debug|x86.ActiveCfg = Debug|Win32
		{80415722-2112-44E0-B099-6633E4C69C6A}.Debug|x86.Build.0 = Debug|Win32
		{80415722-2112-44E0-B099-6633E4C69C6A}.Release|x64.ActiveCfg = Release|x64
		{80415722-2112-44E0-B099-6633E4C69C6A}.Release|x64.Build.0 = Release|x64
		{80415722-2112-44E0-B099-6633E4C69C6A}.Release|x86.ActiveCfg = Release|Win32
		{80415722-2112-44E0-B099-6633E4C69C6A}.Release|x86.Build.0 = Release|Win32
		{4962BD0F-10AD-4D84-A61B-87E6F4736A1D}.Debug|x64.ActiveCfg = Debug|x64
		{4962BD0F-10AD-4D84-A61B-87E6F4736A1D}.Debug|x64.Build.0 = Debug|x64
		{4962BD0F-10AD-4D84-A61B-87E6F4736A1D}.Debug|x86.ActiveCfg = Debug|Win32
		{4962BD0F-10AD-4D84-A61B-87E6F4736A1D}.Debug|x86.Build.0 = Debug|Win32
		{4962BD0F-10AD-4D84-A61B-87E6F4736A1D}.Release|x64.ActiveCfg = Release|x64
		{4962BD0F-10AD-4D84-A61B-87E6F4736A1D}.Release|x64.Build.0 = Release|x64
		{4962BD0F-10AD-4D84-A61B-87E6F4736A1D}.Release|x86.ActiveCfg = Release|Win32
		{4962BD0F-10AD-4D84-A61B-87E6F4736A1D}.Release|x86.Build.0 = Release|Win32
		{B7276C7A-80FB-4957-B141-D5327F4D0C53}.Debug|x64.ActiveCfg = Debug|x64
		{B7276C7A-80FB-4957-B141-D5327F4D0C53}.Debug|x64.Build.0 = Debug|x64
		{B7276C7A-80FB-4957-B141-D5327F4D0C53}.Debug|x86.ActiveCfg = Debug|Win32
		{B7276C7A-80FB-4957-B141-D5327F4D0C53}.Debug|x86.Build.0 = Debug|Win32
		{B7276C7A-80FB-4957-B141-D5327F4D0C53}.Release|x64.ActiveCfg = Release|x64
		{B7276C7A-80FB-4957-B141-D5327F4D0C53}.Release|x64.Build.0 = Release|x64
		{B7276C7A-80FB-4957-B141-D5327F4D0C53}.Release|x86.ActiveCfg = Release|Win32
		{B7276C7A-80FB-4957-B141-D5327F4D0C53}.Release|x86.Build.0 = Release|Win32
		{3CB0456F-2BF5-4414-A81F-34AABCA6119D}.Debug|x64.ActiveCfg = Debug|x64
		{3CB0456F-2BF5-4414-A81F-34AABCA6119D}.Debug|x64.Build.0 = Debug|x64
		{3CB0456F-2BF5-4414-A81F-34AABCA6119D}.Debug|x86.ActiveCfg = Debug|Win32
		{3CB0456F-2BF5-4414-A81F-34AABCA6119D}.Debug|x86.Build.0 = Debug|Win32
		{3CB0456F-2BF5-4414-A81F-34AABCA6119D}.Release|x64.ActiveCfg = Release|x64
		{3CB0456F-2BF5-4414-A81F-34AABCA6119D}.Release|x64.Build.0 = Release|x64
		{3CB0456F-2BF5-4414-A81F-34AABCA6119D}.Release|x86.ActiveCfg = Release|Win32
		{3CB0456F-2BF5-4414-A81F-34AABCA6119D}.Release|x86.Build.0 = Release|Win32
		{15D90F87-6611-4D15-AA6F-EA36354701B7}.Debug|x64.ActiveCfg = Debug|x64
		{15D90F87-6611-4D15-AA6F-EA36354701B7}.Debug|x64.Build.0 = Debug|x64
		{15D90F87-6611-4D15-AA6F-EA36354701B7}.Debug|x86.ActiveCfg = Debug|Win32
		{15D90F87-6611-4D15-AA6F-EA36354701B7}.Debug|x86.Build.0 = Debug|Win32
		{15D90F87-6611-4D15-AA6F-EA36354701B7}.Release|x64.ActiveCfg = Release|x64
		{15D90F87-6611-4D15-AA6F-EA36354701B7}.Release|x64.Build.0 = Release|x64
		{15D90F87-6611-4D15-AA6F-EA36354701B7}.Release|x86.ActiveCfg = Release|Win32
		{15D90F87-6611-4D15-AA6F-EA36354701B7}.Release|x86.Build.0 = Release|Win32
		{0AC37117-2566-4DCB-A901-FDE4157B17BF}.Debug|x64.ActiveCfg = Debug|x64
		{0AC37117-2566-4DCB-A901-FDE4157B17BF}.Debug|x64.Build.0 = Debug|x64
		{0AC37117-2566-4DCB-A901-FDE4157B17BF}.Debug|x86.ActiveCfg = Debug|Win32
		{0AC37117-2566-4DCB-A901-FDE4157B17BF}.Debug|x86.Build.0 = Debug|Win32
		{0AC37117-2566-4DCB-A901-FDE4157B17BF}.Release|x64.ActiveCfg = Release|x64
		{0AC37117-2566-4DCB-A901-FDE4157B17BF}.Release|x64.Build.0 = Release|x64
		{0AC37117-2566-4DCB-A901-FDE4157B17BF}.Release|x86.ActiveCfg = Release|Win32
		{0AC37117-2566-4DCB-A901-FDE4157B17BF}.Release|x86.Build.0 = Release|Win32
		{A0C1BDD9-9F9A-47AC-88D4-D52A8E123676}.Debug|x64.ActiveCfg = Debug|x64
		{A0C1BDD9-9F9A-47AC-88D4-D52A8E123676}.Debug|x64.Build.0 = Debug|x64
		{A0C1BDD9-9F9A-47AC-88D4-D52A8E123676}.Debug|x86.ActiveCfg = Debug|Win32
		{A0C1BDD9-9F9A-47AC-88D4-D52A8E123676}.Debug|x86.Build.0 = Debug|Win32
		{A0C1BDD9-9F9A-47AC-88D4-D52A8E123676}.Release|x64.ActiveCfg = Release|x64
		{A0C1BDD9-9F9A-47AC-88D4-D52A8E123676}.Release|x64.Build.0 = Release|x64
		{A0C1BDD9-9F9A-47AC-88D4-D52A8E123676}.Release|x86.ActiveCfg = Release|Win32
		{A0C1BDD9-9F9A-47AC-88D4-D52A8E123676}.Release|x86.Build.0 = Release|Win32
		{4F587065-AE37-4EF3-91A6-8D15955AE270}.Debug|x64.ActiveCfg = Debug|x64
		{4F587065-AE37-4EF3-91A6-8D15955AE270}.Debug|x64.Build.0 = Debug|x64
		{4F587065-AE37-4EF3-91A6-8D15955AE270}.Debug|x86.ActiveCfg = Debug|Win32
		{4F587065-AE37-4EF3-91A6-8D15955AE270}.Debug|x86.Build.0 = Debug|Win32
		{4F587065-AE37-4EF3-91A6-8D15955AE270}.Release|x64.ActiveCfg = Release|x64
		{4F587065-AE37-4EF3-91A6-8D15955AE270}.Release|x64.Build.0 = Release|x64
		{4F587065-AE37-4EF3-91A6-8D15955AE270}.Release|x86.ActiveCfg = Release|Win32
		{4F587065-AE37-4EF3-91A6-8D15955AE270}.Release|x86.Build.0 = Release|Win32
	EndGlobalSection
	GlobalSection(SolutionProperties) = preSolution
		HideSolutionNode = FALSE
	EndGlobalSection
	GlobalSection(ExtensibilityGlobals) = postSolution
		SolutionGuid = {A2208E5A-8CAC-45C6-A3DF-8611954C9B5F}
	EndGlobalSection
EndGlobal
